# This file was autogenerated by Stack.
# You should not edit this file by hand.
# For more information, please see the documentation at:
#   https://docs.haskellstack.org/en/stable/topics/lock_files

packages:
- completed:
    hackage: attoparsec-0.14.4@sha256:35129d0ab1741f000f1a7d2fc839544919ee6fbb8f2d6e7f0a629c41f91035f3,5914
    pantry-tree:
      sha256: 467033f4d538aaeb309c15632018f2621eeace79fe7286e9242c7e75b59ced82
      size: 5039
  original:
    hackage: attoparsec-0.14.4
- completed:
    hackage: text-2.1.2@sha256:457c3b7a8bc7d8290793d152d6077efdde33c21ba300635e824bf0df38b9edfb,10991
    pantry-tree:
      sha256: 1c0b922e341e3a0a525cdac2e808ba39c58c57e10e9a6cc651c7336071f5b3e0
      size: 8647
  original:
    hackage: text-2.1.2
- completed:
    hackage: primitive-0.9.1.0@sha256:756b222c715bc6ef5ba81fa69cdbaa20c5c53beb6f16f174b8bacc93a6d239f0,3258
    pantry-tree:
      sha256: f3316dce468a892930234a85193674461341e77426e7c46c82448f363367a528
      size: 1793
  original:
    hackage: primitive-0.9.1.0
- completed:
    hackage: hashable-1.5.1.0@sha256:140fc5adad166f7b527567cbd26ff481e8da4a66bdfc84be3ddf28dbeb66f275,5787
    pantry-tree:
      sha256: e3bf67a89d9227d1e0c9a553ecd08f88d8ea492566ed78b30f8de05cf8699c2e
      size: 1578
  original:
    hackage: hashable-1.5.1.0
- completed:
    hackage: scientific-0.3.8.1@sha256:11b0c3bcc572f08ddcb13bfad94df85e0323f39915e74cae2d7a205c631b4d30,4390
    pantry-tree:
      sha256: 95c2af5d6729b5d4a1c2c46f9103d415324386377f337be01eb70367524eb8a7
      size: 657
  original:
    hackage: scientific-0.3.8.1
- completed:
    hackage: parsec-3.1.18.0@sha256:dfbb9835b8abc966b6bbd34340ef5122227b4cf4480062b85ca4c4704f054f98,4535
    pantry-tree:
      sha256: 48ae1440eb8eb4fecde2a724c492e830ff2bec341117164302399b417733bf70
      size: 2810
  original:
    hackage: parsec-3.1.18.0@sha256:dfbb9835b8abc966b6bbd34340ef5122227b4cf4480062b85ca4c4704f054f98,4535
snapshots:
- completed:
    sha256: 6406d8039dd538f18fc0d242f01c7066ee386d81ba3c8751b914ac1ae193ec5d
    size: 728959
    url: https://raw.githubusercontent.com/commercialhaskell/stackage-snapshots/master/lts/24/35.yaml
  original:
    url: https://raw.githubusercontent.com/commercialhaskell/stackage-snapshots/master/lts/24/35.yaml
